
Microsoft Visual Studio Solution File, Format Version 12.00
# Visual Studio 15
VisualStudioVersion = 15.0.27130.2024
MinimumVisualStudioVersion = 10.0.40219.1
Project("{FAE04EC0-301F-11D3-BF4B-00C04F79EFBC}") = "Hospital.Data", "Hospital.Data\Hospital.Data.csproj", "{A05FCFB8-F117-4D69-B8E6-4F997E88240E}"
EndProject
Project("{FAE04EC0-301F-11D3-BF4B-00C04F79EFBC}") = "Hospital.Domain", "Hospital.Business\Hospital.Domain.csproj", "{054F39C3-767C-441B-9B79-6F3FD976E1F2}"
EndProject
Project("{FAE04EC0-301F-11D3-BF4B-00C04F79EFBC}") = "Hospital.WebUI", "Hospital.WebUI\Hospital.WebUI.csproj", "{F6CED198-0D9E-429F-A3D7-5842AC18C418}"
EndProject
Project("{FAE04EC0-301F-11D3-BF4B-00C04F79EFBC}") = "Hospital.WebAPI", "Hospital.WebAPI\Hospital.WebAPI.csproj", "{42F94F30-87ED-4162-980F-63AE2129C262}"
EndProject
Project("{FAE04EC0-301F-11D3-BF4B-00C04F79EFBC}") = "Hospital.Shared", "Hospital.Shared\Hospital.Shared.csproj", "{E537D1B2-59B2-466D-BA9F-C4275E842378}"
EndProject
Project("{FAE04EC0-301F-11D3-BF4B-00C04F79EFBC}") = "Hospital.UnitTest", "Hospital.UnitTest\Hospital.UnitTest.csproj", "{21C69516-F55E-4193-9B42-BAFE963A7EAB}"
EndProject
Project("{FAE04EC0-301F-11D3-BF4B-00C04F79EFBC}") = "WebApplicationOwin", "WebApplicationOwin\WebApplicationOwin.csproj", "{C6451228-70D7-4D85-B0C8-D8B7B8889891}"
EndProject
Project("{FAE04EC0-301F-11D3-BF4B-00C04F79EFBC}") = "Hospital.Middleware.Security.USSS", "Hospital.Middleware.Security.USSS\Hospital.Middleware.Security.USSS.csproj", "{50EE5495-FD01-4A7C-9AFF-071524CB44F3}"
EndProject
Project("{FAE04EC0-301F-11D3-BF4B-00C04F79EFBC}") = "WebApplicationIndividualAccount", "WebApplicationIndividualAccount\WebApplicationIndividualAccount.csproj", "{3BD04FB0-EC14-4D7A-963A-C675616AFB6A}"
EndProject
Global
	GlobalSection(SolutionConfigurationPlatforms) = preSolution
		Debug|Any CPU = Debug|Any CPU
		Release|Any CPU = Release|Any CPU
	EndGlobalSection
	GlobalSection(ProjectConfigurationPlatforms) = postSolution
		{A05FCFB8-F117-4D69-B8E6-4F997E88240E}.Debug|Any CPU.ActiveCfg = Debug|Any CPU
		{A05FCFB8-F117-4D69-B8E6-4F997E88240E}.Debug|Any CPU.Build.0 = Debug|Any CPU
		{A05FCFB8-F117-4D69-B8E6-4F997E88240E}.Release|Any CPU.ActiveCfg = Release|Any CPU
		{A05FCFB8-F117-4D69-B8E6-4F997E88240E}.Release|Any CPU.Build.0 = Release|Any CPU
		{054F39C3-767C-441B-9B79-6F3FD976E1F2}.Debug|Any CPU.ActiveCfg = Debug|Any CPU
		{054F39C3-767C-441B-9B79-6F3FD976E1F2}.Debug|Any CPU.Build.0 = Debug|Any CPU
		{054F39C3-767C-441B-9B79-6F3FD976E1F2}.Release|Any CPU.ActiveCfg = Release|Any CPU
		{054F39C3-767C-441B-9B79-6F3FD976E1F2}.Release|Any CPU.Build.0 = Release|Any CPU
		{F6CED198-0D9E-429F-A3D7-5842AC18C418}.Debug|Any CPU.ActiveCfg = Debug|Any CPU
		{F6CED198-0D9E-429F-A3D7-5842AC18C418}.Debug|Any CPU.Build.0 = Debug|Any CPU
		{F6CED198-0D9E-429F-A3D7-5842AC18C418}.Release|Any CPU.ActiveCfg = Release|Any CPU
		{F6CED198-0D9E-429F-A3D7-5842AC18C418}.Release|Any CPU.Build.0 = Release|Any CPU
		{42F94F30-87ED-4162-980F-63AE2129C262}.Debug|Any CPU.ActiveCfg = Debug|Any CPU
		{42F94F30-87ED-4162-980F-63AE2129C262}.Debug|Any CPU.Build.0 = Debug|Any CPU
		{42F94F30-87ED-4162-980F-63AE2129C262}.Release|Any CPU.ActiveCfg = Release|Any CPU
		{42F94F30-87ED-4162-980F-63AE2129C262}.Release|Any CPU.Build.0 = Release|Any CPU
		{E537D1B2-59B2-466D-BA9F-C4275E842378}.Debug|Any CPU.ActiveCfg = Debug|Any CPU
		{E537D1B2-59B2-466D-BA9F-C4275E842378}.Debug|Any CPU.Build.0 = Debug|Any CPU
		{E537D1B2-59B2-466D-BA9F-C4275E842378}.Release|Any CPU.ActiveCfg = Release|Any CPU
		{E537D1B2-59B2-466D-BA9F-C4275E842378}.Release|Any CPU.Build.0 = Release|Any CPU
		{21C69516-F55E-4193-9B42-BAFE963A7EAB}.Debug|Any CPU.ActiveCfg = Debug|Any CPU
		{21C69516-F55E-4193-9B42-BAFE963A7EAB}.Debug|Any CPU.Build.0 = Debug|Any CPU
		{21C69516-F55E-4193-9B42-BAFE963A7EAB}.Release|Any CPU.ActiveCfg = Release|Any CPU
		{21C69516-F55E-4193-9B42-BAFE963A7EAB}.Release|Any CPU.Build.0 = Release|Any CPU
		{C6451228-70D7-4D85-B0C8-D8B7B8889891}.Debug|Any CPU.ActiveCfg = Debug|Any CPU
		{C6451228-70D7-4D85-B0C8-D8B7B8889891}.Debug|Any CPU.Build.0 = Debug|Any CPU
		{C6451228-70D7-4D85-B0C8-D8B7B8889891}.Release|Any CPU.ActiveCfg = Release|Any CPU
		{C6451228-70D7-4D85-B0C8-D8B7B8889891}.Release|Any CPU.Build.0 = Release|Any CPU
		{50EE5495-FD01-4A7C-9AFF-071524CB44F3}.Debug|Any CPU.ActiveCfg = Debug|Any CPU
		{50EE5495-FD01-4A7C-9AFF-071524CB44F3}.Debug|Any CPU.Build.0 = Debug|Any CPU
		{50EE5495-FD01-4A7C-9AFF-071524CB44F3}.Release|Any CPU.ActiveCfg = Release|Any CPU
		{50EE5495-FD01-4A7C-9AFF-071524CB44F3}.Release|Any CPU.Build.0 = Release|Any CPU
		{3BD04FB0-EC14-4D7A-963A-C675616AFB6A}.Debug|Any CPU.ActiveCfg = Debug|Any CPU
		{3BD04FB0-EC14-4D7A-963A-C675616AFB6A}.Debug|Any CPU.Build.0 = Debug|Any CPU
		{3BD04FB0-EC14-4D7A-963A-C675616AFB6A}.Release|Any CPU.ActiveCfg = Release|Any CPU
		{3BD04FB0-EC14-4D7A-963A-C675616AFB6A}.Release|Any CPU.Build.0 = Release|Any CPU
	EndGlobalSection
	GlobalSection(SolutionProperties) = preSolution
		HideSolutionNode = FALSE
	EndGlobalSection
	GlobalSection(ExtensibilityGlobals) = postSolution
		SolutionGuid = {0D977DAB-07C2-4EFC-A602-94CBE82EE00D}
	EndGlobalSection
EndGlobal
